
Microsoft Visual Studio Solution File, Format Version 12.00
# Visual Studio Version 17
VisualStudioVersion = 17.14.36414.22 d17.14
MinimumVisualStudioVersion = 10.0.40219.1
Project("{FAE04EC0-301F-11D3-BF4B-00C04F79EFBC}") = "Telegram", "Telegram.csproj", "{C945ACA6-BAAD-9A3F-06E2-7E74181B9514}"
EndProject
Global
	GlobalSection(SolutionConfigurationPlatforms) = preSolution
		Debug|Any CPU = Debug|Any CPU
		Release|Any CPU = Release|Any CPU
	EndGlobalSection
	GlobalSection(ProjectConfigurationPlatforms) = postSolution
		{C945ACA6-BAAD-9A3F-06E2-7E74181B9514}.Debug|Any CPU.ActiveCfg = Debug|Any CPU
		{C945ACA6-BAAD-9A3F-06E2-7E74181B9514}.Debug|Any CPU.Build.0 = Debug|Any CPU
		{C945ACA6-BAAD-9A3F-06E2-7E74181B9514}.Release|Any CPU.ActiveCfg = Release|Any CPU
		{C945ACA6-BAAD-9A3F-06E2-7E74181B9514}.Release|Any CPU.Build.0 = Release|Any CPU
	EndGlobalSection
	GlobalSection(SolutionProperties) = preSolution
		HideSolutionNode = FALSE
	EndGlobalSection
	GlobalSection(ExtensibilityGlobals) = postSolution
		SolutionGuid = {4E878DC3-D238-4D1B-BD27-AE542F2963DC}
	EndGlobalSection
EndGlobal
